
Microsoft Visual Studio Solution File, Format Version 12.00
# Visual Studio 2015
Project("{FAE04EC0-301F-11D3-BF4B-00C04F79EFBC}") = "ItemSystem.CSharp", "ItemSystem.CSharp.csproj", "{C63EBD19-575D-EA13-0F5A-51097BF4C775}"
EndProject
Project("{FAE04EC0-301F-11D3-BF4B-00C04F79EFBC}") = "ItemSystem.CSharp.Editor", "ItemSystem.CSharp.Editor.csproj", "{31A7EC94-4C5B-6E8B-906C-0E97DCF9F752}"
EndProject
Global
	GlobalSection(SolutionConfigurationPlatforms) = preSolution
		Debug|Any CPU = Debug|Any CPU
		Release|Any CPU = Release|Any CPU
	EndGlobalSection
	GlobalSection(ProjectConfigurationPlatforms) = postSolution
		{C63EBD19-575D-EA13-0F5A-51097BF4C775}.Debug|Any CPU.ActiveCfg = Debug|Any CPU
		{C63EBD19-575D-EA13-0F5A-51097BF4C775}.Debug|Any CPU.Build.0 = Debug|Any CPU
		{C63EBD19-575D-EA13-0F5A-51097BF4C775}.Release|Any CPU.ActiveCfg = Release|Any CPU
		{C63EBD19-575D-EA13-0F5A-51097BF4C775}.Release|Any CPU.Build.0 = Release|Any CPU
		{31A7EC94-4C5B-6E8B-906C-0E97DCF9F752}.Debug|Any CPU.ActiveCfg = Debug|Any CPU
		{31A7EC94-4C5B-6E8B-906C-0E97DCF9F752}.Debug|Any CPU.Build.0 = Debug|Any CPU
		{31A7EC94-4C5B-6E8B-906C-0E97DCF9F752}.Release|Any CPU.ActiveCfg = Release|Any CPU
		{31A7EC94-4C5B-6E8B-906C-0E97DCF9F752}.Release|Any CPU.Build.0 = Release|Any CPU
	EndGlobalSection
	GlobalSection(SolutionProperties) = preSolution
		HideSolutionNode = FALSE
	EndGlobalSection
EndGlobal
